
Microsoft Visual Studio Solution File, Format Version 12.00
# Visual Studio 15
VisualStudioVersion = 15.0.28307.572
MinimumVisualStudioVersion = 10.0.40219.1
Project("{9A19103F-16F7-4668-BE54-9A1E7A4F7556}") = "SaucyBot", "SaucyBot.csproj", "{AC0DCDAE-330F-415C-BDEA-C034BA1212AA}"
EndProject
Global
	GlobalSection(SolutionConfigurationPlatforms) = preSolution
		Debug|Any CPU = Debug|Any CPU
		Release|Any CPU = Release|Any CPU
	EndGlobalSection
	GlobalSection(ProjectConfigurationPlatforms) = postSolution
		{AC0DCDAE-330F-415C-BDEA-C034BA1212AA}.Debug|Any CPU.ActiveCfg = Debug|Any CPU
		{AC0DCDAE-330F-415C-BDEA-C034BA1212AA}.Debug|Any CPU.Build.0 = Debug|Any CPU
		{AC0DCDAE-330F-415C-BDEA-C034BA1212AA}.Release|Any CPU.ActiveCfg = Release|Any CPU
		{AC0DCDAE-330F-415C-BDEA-C034BA1212AA}.Release|Any CPU.Build.0 = Release|Any CPU
	EndGlobalSection
	GlobalSection(SolutionProperties) = preSolution
		HideSolutionNode = FALSE
	EndGlobalSection
	GlobalSection(ExtensibilityGlobals) = postSolution
		SolutionGuid = {76C5F572-51F3-40FB-885D-44B2727EDD29}
	EndGlobalSection
EndGlobal
